
Microsoft Visual Studio Solution File, Format Version 12.00
# Visual Studio 2012
Project("{8BC9CEB8-8B4A-11D0-8D11-00A0C91BC942}") = "[C++]Singleton", "[C++]Singleton\[C++]Singleton.vcxproj", "{EDDB6F59-DEE7-4F37-A46D-CEA598659902}"
EndProject
Global
	GlobalSection(SolutionConfigurationPlatforms) = preSolution
		Debug|Win32 = Debug|Win32
		Release|Win32 = Release|Win32
	EndGlobalSection
	GlobalSection(ProjectConfigurationPlatforms) = postSolution
		{EDDB6F59-DEE7-4F37-A46D-CEA598659902}.Debug|Win32.ActiveCfg = Debug|Win32
		{EDDB6F59-DEE7-4F37-A46D-CEA598659902}.Debug|Win32.Build.0 = Debug|Win32
		{EDDB6F59-DEE7-4F37-A46D-CEA598659902}.Release|Win32.ActiveCfg = Release|Win32
		{EDDB6F59-DEE7-4F37-A46D-CEA598659902}.Release|Win32.Build.0 = Release|Win32
	EndGlobalSection
	GlobalSection(SolutionProperties) = preSolution
		HideSolutionNode = FALSE
	EndGlobalSection
EndGlobal
