
Microsoft Visual Studio Solution File, Format Version 12.00
# Visual Studio 2012
Project("{8BC9CEB8-8B4A-11D0-8D11-00A0C91BC942}") = "[C++]Facade", "[C++]Facade\[C++]Facade.vcxproj", "{F858F096-9DC0-4C59-82E1-DB8AFE64FA2E}"
EndProject
Global
	GlobalSection(SolutionConfigurationPlatforms) = preSolution
		Debug|Win32 = Debug|Win32
		Release|Win32 = Release|Win32
	EndGlobalSection
	GlobalSection(ProjectConfigurationPlatforms) = postSolution
		{F858F096-9DC0-4C59-82E1-DB8AFE64FA2E}.Debug|Win32.ActiveCfg = Debug|Win32
		{F858F096-9DC0-4C59-82E1-DB8AFE64FA2E}.Debug|Win32.Build.0 = Debug|Win32
		{F858F096-9DC0-4C59-82E1-DB8AFE64FA2E}.Release|Win32.ActiveCfg = Release|Win32
		{F858F096-9DC0-4C59-82E1-DB8AFE64FA2E}.Release|Win32.Build.0 = Release|Win32
	EndGlobalSection
	GlobalSection(SolutionProperties) = preSolution
		HideSolutionNode = FALSE
	EndGlobalSection
EndGlobal
