
Microsoft Visual Studio Solution File, Format Version 12.00
# Visual Studio 2012
Project("{8BC9CEB8-8B4A-11D0-8D11-00A0C91BC942}") = "[C++]Composite", "[C++]Composite\[C++]Composite.vcxproj", "{1A621C9C-026F-4A41-9FBA-74C970ED680A}"
EndProject
Global
	GlobalSection(SolutionConfigurationPlatforms) = preSolution
		Debug|Win32 = Debug|Win32
		Release|Win32 = Release|Win32
	EndGlobalSection
	GlobalSection(ProjectConfigurationPlatforms) = postSolution
		{1A621C9C-026F-4A41-9FBA-74C970ED680A}.Debug|Win32.ActiveCfg = Debug|Win32
		{1A621C9C-026F-4A41-9FBA-74C970ED680A}.Debug|Win32.Build.0 = Debug|Win32
		{1A621C9C-026F-4A41-9FBA-74C970ED680A}.Release|Win32.ActiveCfg = Release|Win32
		{1A621C9C-026F-4A41-9FBA-74C970ED680A}.Release|Win32.Build.0 = Release|Win32
	EndGlobalSection
	GlobalSection(SolutionProperties) = preSolution
		HideSolutionNode = FALSE
	EndGlobalSection
EndGlobal
